
Microsoft Visual Studio Solution File, Format Version 12.00
# Visual Studio Version 17
VisualStudioVersion = 17.8.34330.188
MinimumVisualStudioVersion = 10.0.40219.1
Project("{FAE04EC0-301F-11D3-BF4B-00C04F79EFBC}") = "Event_practice", "Event_practice.csproj", "{3B4965A5-1410-4F93-BCAC-FA4D16736AAF}"
EndProject
Global
	GlobalSection(SolutionConfigurationPlatforms) = preSolution
		Debug|Any CPU = Debug|Any CPU
		Release|Any CPU = Release|Any CPU
	EndGlobalSection
	GlobalSection(ProjectConfigurationPlatforms) = postSolution
		{3B4965A5-1410-4F93-BCAC-FA4D16736AAF}.Debug|Any CPU.ActiveCfg = Debug|Any CPU
		{3B4965A5-1410-4F93-BCAC-FA4D16736AAF}.Debug|Any CPU.Build.0 = Debug|Any CPU
		{3B4965A5-1410-4F93-BCAC-FA4D16736AAF}.Release|Any CPU.ActiveCfg = Release|Any CPU
		{3B4965A5-1410-4F93-BCAC-FA4D16736AAF}.Release|Any CPU.Build.0 = Release|Any CPU
	EndGlobalSection
	GlobalSection(SolutionProperties) = preSolution
		HideSolutionNode = FALSE
	EndGlobalSection
	GlobalSection(ExtensibilityGlobals) = postSolution
		SolutionGuid = {9C042A8F-05A3-4CF7-8C15-522B2456DAD5}
	EndGlobalSection
EndGlobal
